
Microsoft Visual Studio Solution File, Format Version 12.00
# Visual Studio Version 17
VisualStudioVersion = 17.7.34003.232
MinimumVisualStudioVersion = 10.0.40219.1
Project("{FAE04EC0-301F-11D3-BF4B-00C04F79EFBC}") = "stacks_conway_david", "stacks_conway_david.csproj", "{F49AF34D-1039-4EF5-B8B7-77FC835D8661}"
EndProject
Global
	GlobalSection(SolutionConfigurationPlatforms) = preSolution
		Debug|Any CPU = Debug|Any CPU
		Release|Any CPU = Release|Any CPU
	EndGlobalSection
	GlobalSection(ProjectConfigurationPlatforms) = postSolution
		{F49AF34D-1039-4EF5-B8B7-77FC835D8661}.Debug|Any CPU.ActiveCfg = Debug|Any CPU
		{F49AF34D-1039-4EF5-B8B7-77FC835D8661}.Debug|Any CPU.Build.0 = Debug|Any CPU
		{F49AF34D-1039-4EF5-B8B7-77FC835D8661}.Release|Any CPU.ActiveCfg = Release|Any CPU
		{F49AF34D-1039-4EF5-B8B7-77FC835D8661}.Release|Any CPU.Build.0 = Release|Any CPU
	EndGlobalSection
	GlobalSection(SolutionProperties) = preSolution
		HideSolutionNode = FALSE
	EndGlobalSection
	GlobalSection(ExtensibilityGlobals) = postSolution
		SolutionGuid = {4E45C4F3-8B10-4757-A6BB-B5825E54AE9B}
	EndGlobalSection
EndGlobal
